
Microsoft Visual Studio Solution File, Format Version 12.00
# Visual Studio Version 16
VisualStudioVersion = 16.0.28803.202
MinimumVisualStudioVersion = 10.0.40219.1
Project("{FAE04EC0-301F-11D3-BF4B-00C04F79EFBC}") = "SchoolMgmt", "SchoolMgmt\SchoolMgmt.csproj", "{C3BF5925-AD52-49B6-8522-B78B444A3DD1}"
EndProject
Global
	GlobalSection(SolutionConfigurationPlatforms) = preSolution
		Debug|Any CPU = Debug|Any CPU
		Release|Any CPU = Release|Any CPU
	EndGlobalSection
	GlobalSection(ProjectConfigurationPlatforms) = postSolution
		{C3BF5925-AD52-49B6-8522-B78B444A3DD1}.Debug|Any CPU.ActiveCfg = Debug|Any CPU
		{C3BF5925-AD52-49B6-8522-B78B444A3DD1}.Debug|Any CPU.Build.0 = Debug|Any CPU
		{C3BF5925-AD52-49B6-8522-B78B444A3DD1}.Release|Any CPU.ActiveCfg = Release|Any CPU
		{C3BF5925-AD52-49B6-8522-B78B444A3DD1}.Release|Any CPU.Build.0 = Release|Any CPU
	EndGlobalSection
	GlobalSection(SolutionProperties) = preSolution
		HideSolutionNode = FALSE
	EndGlobalSection
	GlobalSection(ExtensibilityGlobals) = postSolution
		SolutionGuid = {4C546481-287D-4EAF-88C8-336376FEA8DE}
	EndGlobalSection
EndGlobal
